
Microsoft Visual Studio Solution File, Format Version 12.00
# Visual Studio Version 17
VisualStudioVersion = 17.13.35931.197 d17.13
MinimumVisualStudioVersion = 10.0.40219.1
Project("{FAE04EC0-301F-11D3-BF4B-00C04F79EFBC}") = "PruebaTecnica", "PruebaTecnica\PruebaTecnica.csproj", "{A9788732-6598-4BE8-8E7F-217E15E3C2D8}"
EndProject
Project("{FAE04EC0-301F-11D3-BF4B-00C04F79EFBC}") = "PruebaTecnica.Tests", "PruebaTecnica.Tests\PruebaTecnica.Tests.csproj", "{37F210F9-EF25-43C5-B172-B91A06540571}"
EndProject
Global
	GlobalSection(SolutionConfigurationPlatforms) = preSolution
		Debug|Any CPU = Debug|Any CPU
		Release|Any CPU = Release|Any CPU
	EndGlobalSection
	GlobalSection(ProjectConfigurationPlatforms) = postSolution
		{A9788732-6598-4BE8-8E7F-217E15E3C2D8}.Debug|Any CPU.ActiveCfg = Debug|Any CPU
		{A9788732-6598-4BE8-8E7F-217E15E3C2D8}.Debug|Any CPU.Build.0 = Debug|Any CPU
		{A9788732-6598-4BE8-8E7F-217E15E3C2D8}.Release|Any CPU.ActiveCfg = Release|Any CPU
		{A9788732-6598-4BE8-8E7F-217E15E3C2D8}.Release|Any CPU.Build.0 = Release|Any CPU
		{37F210F9-EF25-43C5-B172-B91A06540571}.Debug|Any CPU.ActiveCfg = Debug|Any CPU
		{37F210F9-EF25-43C5-B172-B91A06540571}.Debug|Any CPU.Build.0 = Debug|Any CPU
		{37F210F9-EF25-43C5-B172-B91A06540571}.Release|Any CPU.ActiveCfg = Release|Any CPU
		{37F210F9-EF25-43C5-B172-B91A06540571}.Release|Any CPU.Build.0 = Release|Any CPU
	EndGlobalSection
	GlobalSection(SolutionProperties) = preSolution
		HideSolutionNode = FALSE
	EndGlobalSection
	GlobalSection(ExtensibilityGlobals) = postSolution
		SolutionGuid = {2EA3EF43-DCAF-4C81-BEF7-F10780497BC9}
	EndGlobalSection
EndGlobal
